
Microsoft Visual Studio Solution File, Format Version 12.00
# Visual Studio Version 17
VisualStudioVersion = 17.4.33122.133
MinimumVisualStudioVersion = 10.0.40219.1
Project("{9A19103F-16F7-4668-BE54-9A1E7A4F7556}") = "AufgabeFSK18", "AufgabeFSK18.csproj", "{D66EA4C6-7EE0-44B7-B082-F2515DF9180B}"
EndProject
Global
	GlobalSection(SolutionConfigurationPlatforms) = preSolution
		Debug|Any CPU = Debug|Any CPU
		Release|Any CPU = Release|Any CPU
	EndGlobalSection
	GlobalSection(ProjectConfigurationPlatforms) = postSolution
		{D66EA4C6-7EE0-44B7-B082-F2515DF9180B}.Debug|Any CPU.ActiveCfg = Debug|Any CPU
		{D66EA4C6-7EE0-44B7-B082-F2515DF9180B}.Debug|Any CPU.Build.0 = Debug|Any CPU
		{D66EA4C6-7EE0-44B7-B082-F2515DF9180B}.Release|Any CPU.ActiveCfg = Release|Any CPU
		{D66EA4C6-7EE0-44B7-B082-F2515DF9180B}.Release|Any CPU.Build.0 = Release|Any CPU
	EndGlobalSection
	GlobalSection(SolutionProperties) = preSolution
		HideSolutionNode = FALSE
	EndGlobalSection
	GlobalSection(ExtensibilityGlobals) = postSolution
		SolutionGuid = {51397FE1-F937-4D69-96E4-321FB90F2213}
	EndGlobalSection
EndGlobal
